
Microsoft Visual Studio Solution File, Format Version 12.00
Project("{FAE04EC0-301F-11D3-BF4B-00C04F79EFBC}") = "ExampleApp", "ExampleApp\ExampleApp.csproj", "{9AA6C1D4-026E-4914-B2E8-8A05EEF73C4F}"
EndProject
Global
	GlobalSection(SolutionConfigurationPlatforms) = preSolution
		Debug|Any CPU = Debug|Any CPU
		Release|Any CPU = Release|Any CPU
	EndGlobalSection
	GlobalSection(ProjectConfigurationPlatforms) = postSolution
		{9AA6C1D4-026E-4914-B2E8-8A05EEF73C4F}.Debug|Any CPU.ActiveCfg = Debug|Any CPU
		{9AA6C1D4-026E-4914-B2E8-8A05EEF73C4F}.Debug|Any CPU.Build.0 = Debug|Any CPU
		{9AA6C1D4-026E-4914-B2E8-8A05EEF73C4F}.Release|Any CPU.ActiveCfg = Release|Any CPU
		{9AA6C1D4-026E-4914-B2E8-8A05EEF73C4F}.Release|Any CPU.Build.0 = Release|Any CPU
	EndGlobalSection
EndGlobal
